
Microsoft Visual Studio Solution File, Format Version 12.00
# Visual Studio Version 17
VisualStudioVersion = 17.13.35919.96
MinimumVisualStudioVersion = 10.0.40219.1
Project("{FAE04EC0-301F-11D3-BF4B-00C04F79EFBC}") = "CareerAdvisorApp.Server", "CareerAdvisorApp.Server\CareerAdvisorApp.Server.csproj", "{01381761-1CD6-4D40-8960-E3EAF2AF8F68}"
EndProject
Project("{FAE04EC0-301F-11D3-BF4B-00C04F79EFBC}") = "FormResult", "FormResult\FormResult.csproj", "{7ED21EFE-B589-4C32-9BAE-48B6F937A076}"
EndProject
Global
	GlobalSection(SolutionConfigurationPlatforms) = preSolution
		Debug|Any CPU = Debug|Any CPU
		Release|Any CPU = Release|Any CPU
	EndGlobalSection
	GlobalSection(ProjectConfigurationPlatforms) = postSolution
		{01381761-1CD6-4D40-8960-E3EAF2AF8F68}.Debug|Any CPU.ActiveCfg = Debug|Any CPU
		{01381761-1CD6-4D40-8960-E3EAF2AF8F68}.Debug|Any CPU.Build.0 = Debug|Any CPU
		{01381761-1CD6-4D40-8960-E3EAF2AF8F68}.Release|Any CPU.ActiveCfg = Release|Any CPU
		{01381761-1CD6-4D40-8960-E3EAF2AF8F68}.Release|Any CPU.Build.0 = Release|Any CPU
		{7ED21EFE-B589-4C32-9BAE-48B6F937A076}.Debug|Any CPU.ActiveCfg = Debug|Any CPU
		{7ED21EFE-B589-4C32-9BAE-48B6F937A076}.Debug|Any CPU.Build.0 = Debug|Any CPU
		{7ED21EFE-B589-4C32-9BAE-48B6F937A076}.Release|Any CPU.ActiveCfg = Release|Any CPU
		{7ED21EFE-B589-4C32-9BAE-48B6F937A076}.Release|Any CPU.Build.0 = Release|Any CPU
	EndGlobalSection
	GlobalSection(SolutionProperties) = preSolution
		HideSolutionNode = FALSE
	EndGlobalSection
	GlobalSection(ExtensibilityGlobals) = postSolution
		SolutionGuid = {AC368AF2-F2B6-4DDA-A5F6-00C777B7B279}
	EndGlobalSection
EndGlobal
